lockfileVersion: '9.0'

settings:
  autoInstallPeers: true
  excludeLinksFromLockfile: false

importers:

  .: {}

  packages/schemas:
    dependencies:
      zod:
        specifier: ^4.0.0
        version: 4.4.1
    devDependencies:
      '@delivery/tsconfig':
        specifier: workspace:*
        version: link:../tsconfig
      typescript:
        specifier: ^5.6.0
        version: 5.9.3

  packages/simulation:
    dependencies:
      '@delivery/schemas':
        specifier: workspace:*
        version: link:../schemas
      '@turf/along':
        specifier: ^7.3.5
        version: 7.3.5
      '@turf/length':
        specifier: ^7.3.5
        version: 7.3.5
    devDependencies:
      '@delivery/tsconfig':
        specifier: workspace:*
        version: link:../tsconfig
      '@types/geojson':
        specifier: ^7946.0.16
        version: 7946.0.16
      typescript:
        specifier: ^5.9.3
        version: 5.9.3

  packages/tsconfig: {}

packages:

  '@turf/along@7.3.5':
    resolution: {integrity: sha512-Ee4AHV9j2Bnlm/5nm4ChY7nkwpaaMffSez9nsJ9HcMbzG+GgTkt0F5pn9d02U7YvuWqckM5lfr3kBI+w2uTz+g==}

  '@turf/bearing@7.3.5':
    resolution: {integrity: sha512-/qabIt/IuPsGlE6RukJ0zOirc6afNxoK7fK1WBNVnHuJjeOpSkW+7q1QW5XQGXBMv3odcD0ZgRR+MBiAHduYSA==}

  '@turf/destination@7.3.5':
    resolution: {integrity: sha512-x6ylChhOlIbucRSw7wF6z2gSEqqQl+dE0nSH5AL/ojZkqqGYahiw+2P4A8ZMuDM6rzH+FIqRYDes0o4nSArZCw==}

  '@turf/distance@7.3.5':
    resolution: {integrity: sha512-uQAC63zg/l91KUxzfhqio7Ii3+UXTrPOVJScIdRj6EO6+9XHI4kC+AdyIS4cPAv14sZfJLIBxzMnzcGrss+kEA==}

  '@turf/helpers@7.3.5':
    resolution: {integrity: sha512-E/NMGV5MwbjjP7AJXBtsanC3yY8N2MQ87IGdIgkB2ji5AtBpwnH4L3gEqpYN4RlCJJWbLbzO91BbKv2waUd0eg==}

  '@turf/invariant@7.3.5':
    resolution: {integrity: sha512-ZVIvsBvjr8lO7WxC5zYNjRsjSDvyGvWkJMjuWaJjTU8x+1tmfNnw3gDX/TI2Sit83gcRYLYkNo23lB/udqx/Hg==}

  '@turf/length@7.3.5':
    resolution: {integrity: sha512-Bi+vEP54wt1ly3BRcCOP0nd2kGTYEhGk6haQxTpkrqr3XtmqDh8c3NowSgseN2cegIZRjwCOEC8eSsZ0JemJdA==}

  '@turf/meta@7.3.5':
    resolution: {integrity: sha512-r+ohqxoyqeigFB0oFrQx/YEHIkOKqcKpCjvZkvZs7Tkv+IFco5MezAd2zd4rzK+0DfFgDP3KpJc7HqrYjvEjhg==}

  '@types/geojson@7946.0.16':
    resolution: {integrity: sha512-6C8nqWur3j98U6+lXDfTUWIfgvZU+EumvpHKcYjujKH7woYyLj2sUmff0tRhrqM7BohUw7Pz3ZB1jj2gW9Fvmg==}

  tslib@2.8.1:
    resolution: {integrity: sha512-oJFu94HQb+KVduSUQL7wnpmqnfmLsOA/nAh6b6EH0wCEoK0/mPeXU6c3wKDV83MkOuHPRHtSXKKU99IBazS/2w==}

  typescript@5.9.3:
    resolution: {integrity: sha512-jl1vZzPDinLr9eUt3J/t7V6FgNEw9QjvBPdysz9KfQDD41fQrC2Y4vKQdiaUpFT4bXlb1RHhLpp8wtm6M5TgSw==}
    engines: {node: '>=14.17'}
    hasBin: true

  zod@4.4.1:
    resolution: {integrity: sha512-a6ENMBBGZBsnlSebQ/eKCguSBeGKSf4O7BPnqVPmYGtpBYI7VSqoVqw+QcB7kPRjbqPwhYTpFbVj/RqNz/CT0Q==}

snapshots:

  '@turf/along@7.3.5':
    dependencies:
      '@turf/bearing': 7.3.5
      '@turf/destination': 7.3.5
      '@turf/distance': 7.3.5
      '@turf/helpers': 7.3.5
      '@turf/invariant': 7.3.5
      '@types/geojson': 7946.0.16
      tslib: 2.8.1

  '@turf/bearing@7.3.5':
    dependencies:
      '@turf/helpers': 7.3.5
      '@turf/invariant': 7.3.5
      '@types/geojson': 7946.0.16
      tslib: 2.8.1

  '@turf/destination@7.3.5':
    dependencies:
      '@turf/helpers': 7.3.5
      '@turf/invariant': 7.3.5
      '@types/geojson': 7946.0.16
      tslib: 2.8.1

  '@turf/distance@7.3.5':
    dependencies:
      '@turf/helpers': 7.3.5
      '@turf/invariant': 7.3.5
      '@types/geojson': 7946.0.16
      tslib: 2.8.1

  '@turf/helpers@7.3.5':
    dependencies:
      '@types/geojson': 7946.0.16
      tslib: 2.8.1

  '@turf/invariant@7.3.5':
    dependencies:
      '@turf/helpers': 7.3.5
      '@types/geojson': 7946.0.16
      tslib: 2.8.1

  '@turf/length@7.3.5':
    dependencies:
      '@turf/distance': 7.3.5
      '@turf/helpers': 7.3.5
      '@turf/meta': 7.3.5
      '@types/geojson': 7946.0.16
      tslib: 2.8.1

  '@turf/meta@7.3.5':
    dependencies:
      '@turf/helpers': 7.3.5
      '@types/geojson': 7946.0.16
      tslib: 2.8.1

  '@types/geojson@7946.0.16': {}

  tslib@2.8.1: {}

  typescript@5.9.3: {}

  zod@4.4.1: {}
